// !$*UTF8*$!
{
	archiveVersion = 1;
	classes = {
	};
	objectVersion = 48;
	objects = {

/* Begin PBXBuildFile section */
		A51623971FC83D77004879AE /* FlikrGetter.m in Sources */ = {isa = PBXBuildFile; fileRef = A51623961FC83D77004879AE /* FlikrGetter.m */; };
		A516239A1FC87E20004879AE /* ImageViewController.m in Sources */ = {isa = PBXBuildFile; fileRef = A51623991FC87E20004879AE /* ImageViewController.m */; };
		A5572C601FC8362A00B3E662 /* AppDelegate.m in Sources */ = {isa = PBXBuildFile; fileRef = A5572C5F1FC8362A00B3E662 /* AppDelegate.m */; };
		A5572C691FC8362B00B3E662 /* Main.storyboard in Resources */ = {isa = PBXBuildFile; fileRef = A5572C671FC8362B00B3E662 /* Main.storyboard */; };
		A5572C6B1FC8362B00B3E662 /* Assets.xcassets in Resources */ = {isa = PBXBuildFile; fileRef = A5572C6A1FC8362B00B3E662 /* Assets.xcassets */; };
		A5572C6E1FC8362B00B3E662 /* LaunchScreen.storyboard in Resources */ = {isa = PBXBuildFile; fileRef = A5572C6C1FC8362B00B3E662 /* LaunchScreen.storyboard */; };
		A5572C711FC8362B00B3E662 /* main.m in Sources */ = {isa = PBXBuildFile; fileRef = A5572C701FC8362B00B3E662 /* main.m */; };
		A5572C791FC8389500B3E662 /* TableViewController.m in Sources */ = {isa = PBXBuildFile; fileRef = A5572C781FC8389500B3E662 /* TableViewController.m */; };
		A5572C7C1FC838CA00B3E662 /* CollectionViewController.m in Sources */ = {isa = PBXBuildFile; fileRef = A5572C7B1FC838CA00B3E662 /* CollectionViewController.m */; };
/* End PBXBuildFile section */

/* Begin PBXFileReference section */
		A51623951FC83D77004879AE /* FlikrGetter.h */ = {isa = PBXFileReference; lastKnownFileType = sourcecode.c.h; path = FlikrGetter.h; sourceTree = "<group>"; };
		A51623961FC83D77004879AE /* FlikrGetter.m */ = {isa = PBXFileReference; lastKnownFileType = sourcecode.c.objc; path = FlikrGetter.m; sourceTree = "<group>"; };
		A51623981FC87E20004879AE /* ImageViewController.h */ = {isa = PBXFileReference; lastKnownFileType = sourcecode.c.h; path = ImageViewController.h; sourceTree = "<group>"; };
		A51623991FC87E20004879AE /* ImageViewController.m */ = {isa = PBXFileReference; lastKnownFileType = sourcecode.c.objc; path = ImageViewController.m; sourceTree = "<group>"; };
		A5572C5B1FC8362A00B3E662 /* dd_homework_final.app */ = {isa = PBXFileReference; explicitFileType = wrapper.application; includeInIndex = 0; path = dd_homework_final.app; sourceTree = BUILT_PRODUCTS_DIR; };
		A5572C5E1FC8362A00B3E662 /* AppDelegate.h */ = {isa = PBXFileReference; lastKnownFileType = sourcecode.c.h; path = AppDelegate.h; sourceTree = "<group>"; };
		A5572C5F1FC8362A00B3E662 /* AppDelegate.m */ = {isa = PBXFileReference; lastKnownFileType = sourcecode.c.objc; path = AppDelegate.m; sourceTree = "<group>"; };
		A5572C681FC8362B00B3E662 /* Base */ = {isa = PBXFileReference; lastKnownFileType = file.storyboard; name = Base; path = Base.lproj/Main.storyboard; sourceTree = "<group>"; };
		A5572C6A1FC8362B00B3E662 /* Assets.xcassets */ = {isa = PBXFileReference; lastKnownFileType = folder.assetcatalog; path = Assets.xcassets; sourceTree = "<group>"; };
		A5572C6D1FC8362B00B3E662 /* Base */ = {isa = PBXFileReference; lastKnownFileType = file.storyboard; name = Base; path = Base.lproj/LaunchScreen.storyboard; sourceTree = "<group>"; };
		A5572C6F1FC8362B00B3E662 /* Info.plist */ = {isa = PBXFileReference; lastKnownFileType = text.plist.xml; path = Info.plist; sourceTree = "<group>"; };
		A5572C701FC8362B00B3E662 /* main.m */ = {isa = PBXFileReference; lastKnownFileType = sourcecode.c.objc; path = main.m; sourceTree = "<group>"; };
		A5572C771FC8389500B3E662 /* TableViewController.h */ = {isa = PBXFileReference; lastKnownFileType = sourcecode.c.h; path = TableViewController.h; sourceTree = "<group>"; };
		A5572C781FC8389500B3E662 /* TableViewController.m */ = {isa = PBXFileReference; lastKnownFileType = sourcecode.c.objc; path = TableViewController.m; sourceTree = "<group>"; };
		A5572C7A1FC838CA00B3E662 /* CollectionViewController.h */ = {isa = PBXFileReference; lastKnownFileType = sourcecode.c.h; path = CollectionViewController.h; sourceTree = "<group>"; };
		A5572C7B1FC838CA00B3E662 /* CollectionViewController.m */ = {isa = PBXFileReference; lastKnownFileType = sourcecode.c.objc; path = CollectionViewController.m; sourceTree = "<group>"; };
/* End PBXFileReference section */

/* Begin PBXFrameworksBuildPhase section */
		A5572C581FC8362A00B3E662 /* Frameworks */ = {
			isa = PBXFrameworksBuildPhase;
			buildActionMask = 2147483647;
			files = (
			);
			runOnlyForDeploymentPostprocessing = 0;
		};
/* End PBXFrameworksBuildPhase section */

/* Begin PBXGroup section */
		A5572C521FC8362A00B3E662 = {
			isa = PBXGroup;
			children = (
				A5572C5D1FC8362A00B3E662 /* dd_homework_final */,
				A5572C5C1FC8362A00B3E662 /* Products */,
			);
			sourceTree = "<group>";
		};
		A5572C5C1FC8362A00B3E662 /* Products */ = {
			isa = PBXGroup;
			children = (
				A5572C5B1FC8362A00B3E662 /* dd_homework_final.app */,
			);
			name = Products;
			sourceTree = "<group>";
		};
		A5572C5D1FC8362A00B3E662 /* dd_homework_final */ = {
			isa = PBXGroup;
			children = (
				A5572C5E1FC8362A00B3E662 /* AppDelegate.h */,
				A5572C5F1FC8362A00B3E662 /* AppDelegate.m */,
				A5572C771FC8389500B3E662 /* TableViewController.h */,
				A5572C781FC8389500B3E662 /* TableViewController.m */,
				A51623951FC83D77004879AE /* FlikrGetter.h */,
				A51623961FC83D77004879AE /* FlikrGetter.m */,
				A5572C7A1FC838CA00B3E662 /* CollectionViewController.h */,
				A5572C7B1FC838CA00B3E662 /* CollectionViewController.m */,
				A5572C671FC8362B00B3E662 /* Main.storyboard */,
				A51623981FC87E20004879AE /* ImageViewController.h */,
				A51623991FC87E20004879AE /* ImageViewController.m */,
				A5572C6A1FC8362B00B3E662 /* Assets.xcassets */,
				A5572C6C1FC8362B00B3E662 /* LaunchScreen.storyboard */,
				A5572C6F1FC8362B00B3E662 /* Info.plist */,
				A5572C701FC8362B00B3E662 /* main.m */,
			);
			path = dd_homework_final;
			sourceTree = "<group>";
		};
/* End PBXGroup section */

/* Begin PBXNativeTarget section */
		A5572C5A1FC8362A00B3E662 /* dd_homework_final */ = {
			isa = PBXNativeTarget;
			buildConfigurationList = A5572C741FC8362B00B3E662 /* Build configuration list for PBXNativeTarget "dd_homework_final" */;
			buildPhases = (
				A5572C571FC8362A00B3E662 /* Sources */,
				A5572C581FC8362A00B3E662 /* Frameworks */,
				A5572C591FC8362A00B3E662 /* Resources */,
			);
			buildRules = (
			);
			dependencies = (
			);
			name = dd_homework_final;
			productName = dd_homework_final;
			productReference = A5572C5B1FC8362A00B3E662 /* dd_homework_final.app */;
			productType = "com.apple.product-type.application";
		};
/* End PBXNativeTarget section */

/* Begin PBXProject section */
		A5572C531FC8362A00B3E662 /* Project object */ = {
			isa = PBXProject;
			attributes = {
				LastUpgradeCheck = 0900;
				ORGANIZATIONNAME = "Сергей Тришин";
				TargetAttributes = {
					A5572C5A1FC8362A00B3E662 = {
						CreatedOnToolsVersion = 9.0;
						ProvisioningStyle = Automatic;
					};
				};
			};
			buildConfigurationList = A5572C561FC8362A00B3E662 /* Build configuration list for PBXProject "dd_homework_final" */;
			compatibilityVersion = "Xcode 8.0";
			developmentRegion = en;
			hasScannedForEncodings = 0;
			knownRegions = (
				en,
				Base,
			);
			mainGroup = A5572C521FC8362A00B3E662;
			productRefGroup = A5572C5C1FC8362A00B3E662 /* Products */;
			projectDirPath = "";
			projectRoot = "";
			targets = (
				A5572C5A1FC8362A00B3E662 /* dd_homework_final */,
			);
		};
/* End PBXProject section */

/* Begin PBXResourcesBuildPhase section */
		A5572C591FC8362A00B3E662 /* Resources */ = {
			isa = PBXResourcesBuildPhase;
			buildActionMask = 2147483647;
			files = (
				A5572C6E1FC8362B00B3E662 /* LaunchScreen.storyboard in Resources */,
				A5572C6B1FC8362B00B3E662 /* Assets.xcassets in Resources */,
				A5572C691FC8362B00B3E662 /* Main.storyboard in Resources */,
			);
			runOnlyForDeploymentPostprocessing = 0;
		};
/* End PBXResourcesBuildPhase section */

/* Begin PBXSourcesBuildPhase section */
		A5572C571FC8362A00B3E662 /* Sources */ = {
			isa = PBXSourcesBuildPhase;
			buildActionMask = 2147483647;
			files = (
				A516239A1FC87E20004879AE /* ImageViewController.m in Sources */,
				A5572C601FC8362A00B3E662 /* AppDelegate.m in Sources */,
				A5572C7C1FC838CA00B3E662 /* CollectionViewController.m in Sources */,
				A5572C711FC8362B00B3E662 /* main.m in Sources */,
				A5572C791FC8389500B3E662 /* TableViewController.m in Sources */,
				A51623971FC83D77004879AE /* FlikrGetter.m in Sources */,
			);
			runOnlyForDeploymentPostprocessing = 0;
		};
/* End PBXSourcesBuildPhase section */

/* Begin PBXVariantGroup section */
		A5572C671FC8362B00B3E662 /* Main.storyboard */ = {
			isa = PBXVariantGroup;
			children = (
				A5572C681FC8362B00B3E662 /* Base */,
			);
			name = Main.storyboard;
			sourceTree = "<group>";
		};
		A5572C6C1FC8362B00B3E662 /* LaunchScreen.storyboard */ = {
			isa = PBXVariantGroup;
			children = (
				A5572C6D1FC8362B00B3E662 /* Base */,
			);
			name = LaunchScreen.storyboard;
			sourceTree = "<group>";
		};
/* End PBXVariantGroup section */

/* Begin XCBuildConfiguration section */
		A5572C721FC8362B00B3E662 /* Debug */ = {
			isa = XCBuildConfiguration;
			buildSettings = {
				ALWAYS_SEARCH_USER_PATHS = NO;
				CLANG_ANALYZER_NONNULL = YES;
				CLANG_ANALYZER_NUMBER_OBJECT_CONVERSION = YES_AGGRESSIVE;
				CLANG_CXX_LANGUAGE_STANDARD = "gnu++14";
				CLANG_CXX_LIBRARY = "libc++";
				CLANG_ENABLE_MODULES = YES;
				CLANG_ENABLE_OBJC_ARC = YES;
				CLANG_WARN_BLOCK_CAPTURE_AUTORELEASING = YES;
				CLANG_WARN_BOOL_CONVERSION = YES;
				CLANG_WARN_COMMA = YES;
				CLANG_WARN_CONSTANT_CONVERSION = YES;
				CLANG_WARN_DIRECT_OBJC_ISA_USAGE = YES_ERROR;
				CLANG_WARN_DOCUMENTATION_COMMENTS = YES;
				CLANG_WARN_EMPTY_BODY = YES;
				CLANG_WARN_ENUM_CONVERSION = YES;
				CLANG_WARN_INFINITE_RECURSION = YES;
				CLANG_WARN_INT_CONVERSION = YES;
				CLANG_WARN_NON_LITERAL_NULL_CONVERSION = YES;
				CLANG_WARN_OBJC_LITERAL_CONVERSION = YES;
				CLANG_WARN_OBJC_ROOT_CLASS = YES_ERROR;
				CLANG_WARN_RANGE_LOOP_ANALYSIS = YES;
				CLANG_WARN_STRICT_PROTOTYPES = YES;
				CLANG_WARN_SUSPICIOUS_MOVE = YES;
				CLANG_WARN_UNGUARDED_AVAILABILITY = YES_AGGRESSIVE;
				CLANG_WARN_UNREACHABLE_CODE = YES;
				CLANG_WARN__DUPLICATE_METHOD_MATCH = YES;
				CODE_SIGN_IDENTITY = "iPhone Developer";
				COPY_PHASE_STRIP = NO;
				DEBUG_INFORMATION_FORMAT = dwarf;
				ENABLE_STRICT_OBJC_MSGSEND = YES;
				ENABLE_TESTABILITY = YES;
				GCC_C_LANGUAGE_STANDARD = gnu11;
				GCC_DYNAMIC_NO_PIC = NO;
				GCC_NO_COMMON_BLOCKS = YES;
				GCC_OPTIMIZATION_LEVEL = 0;
				GCC_PREPROCESSOR_DEFINITIONS = (
					"DEBUG=1",
					"$(inherited)",
				);
				GCC_WARN_64_TO_32_BIT_CONVERSION = YES;
				GCC_WARN_ABOUT_RETURN_TYPE = YES_ERROR;
				GCC_WARN_UNDECLARED_SELECTOR = YES;
				GCC_WARN_UNINITIALIZED_AUTOS = YES_AGGRESSIVE;
				GCC_WARN_UNUSED_FUNCTION = YES;
				GCC_WARN_UNUSED_VARIABLE = YES;
				IPHONEOS_DEPLOYMENT_TARGET = 11.0;
				MTL_ENABLE_DEBUG_INFO = YES;
				ONLY_ACTIVE_ARCH = YES;
				SDKROOT = iphoneos;
			};
			name = Debug;
		};
		A5572C731FC8362B00B3E662 /* Release */ = {
			isa = XCBuildConfiguration;
			buildSettings = {
				ALWAYS_SEARCH_USER_PATHS = NO;
				CLANG_ANALYZER_NONNULL = YES;
				CLANG_ANALYZER_NUMBER_OBJECT_CONVERSION = YES_AGGRESSIVE;
				CLANG_CXX_LANGUAGE_STANDARD = "gnu++14";
				CLANG_CXX_LIBRARY = "libc++";
				CLANG_ENABLE_MODULES = YES;
				CLANG_ENABLE_OBJC_ARC = YES;
				CLANG_WARN_BLOCK_CAPTURE_AUTORELEASING = YES;
				CLANG_WARN_BOOL_CONVERSION = YES;
				CLANG_WARN_COMMA = YES;
				CLANG_WARN_CONSTANT_CONVERSION = YES;
				CLANG_WARN_DIRECT_OBJC_ISA_USAGE = YES_ERROR;
				CLANG_WARN_DOCUMENTATION_COMMENTS = YES;
				CLANG_WARN_EMPTY_BODY = YES;
				CLANG_WARN_ENUM_CONVERSION = YES;
				CLANG_WARN_INFINITE_RECURSION = YES;
				CLANG_WARN_INT_CONVERSION = YES;
				CLANG_WARN_NON_LITERAL_NULL_CONVERSION = YES;
				CLANG_WARN_OBJC_LITERAL_CONVERSION = YES;
				CLANG_WARN_OBJC_ROOT_CLASS = YES_ERROR;
				CLANG_WARN_RANGE_LOOP_ANALYSIS = YES;
				CLANG_WARN_STRICT_PROTOTYPES = YES;
				CLANG_WARN_SUSPICIOUS_MOVE = YES;
				CLANG_WARN_UNGUARDED_AVAILABILITY = YES_AGGRESSIVE;
				CLANG_WARN_UNREACHABLE_CODE = YES;
				CLANG_WARN__DUPLICATE_METHOD_MATCH = YES;
				CODE_SIGN_IDENTITY = "iPhone Developer";
				COPY_PHASE_STRIP = NO;
				DEBUG_INFORMATION_FORMAT = "dwarf-with-dsym";
				ENABLE_NS_ASSERTIONS = NO;
				ENABLE_STRICT_OBJC_MSGSEND = YES;
				GCC_C_LANGUAGE_STANDARD = gnu11;
				GCC_NO_COMMON_BLOCKS = YES;
				GCC_WARN_64_TO_32_BIT_CONVERSION = YES;
				GCC_WARN_ABOUT_RETURN_TYPE = YES_ERROR;
				GCC_WARN_UNDECLARED_SELECTOR = YES;
				GCC_WARN_UNINITIALIZED_AUTOS = YES_AGGRESSIVE;
				GCC_WARN_UNUSED_FUNCTION = YES;
				GCC_WARN_UNUSED_VARIABLE = YES;
				IPHONEOS_DEPLOYMENT_TARGET = 11.0;
				MTL_ENABLE_DEBUG_INFO = NO;
				SDKROOT = iphoneos;
				VALIDATE_PRODUCT = YES;
			};
			name = Release;
		};
		A5572C751FC8362B00B3E662 /* Debug */ = {
			isa = XCBuildConfiguration;
			buildSettings = {
				ASSETCATALOG_COMPILER_APPICON_NAME = AppIcon;
				CODE_SIGN_STYLE = Automatic;
				DEVELOPMENT_TEAM = LPTWC9LMSM;
				INFOPLIST_FILE = dd_homework_final/Info.plist;
				LD_RUNPATH_SEARCH_PATHS = "$(inherited) @executable_path/Frameworks";
				PRODUCT_BUNDLE_IDENTIFIER = "Sergey-Trishin.dd-homework-final";
				PRODUCT_NAME = "$(TARGET_NAME)";
				TARGETED_DEVICE_FAMILY = "1,2";
			};
			name = Debug;
		};
		A5572C761FC8362B00B3E662 /* Release */ = {
			isa = XCBuildConfiguration;
			buildSettings = {
				ASSETCATALOG_COMPILER_APPICON_NAME = AppIcon;
				CODE_SIGN_STYLE = Automatic;
				DEVELOPMENT_TEAM = LPTWC9LMSM;
				INFOPLIST_FILE = dd_homework_final/Info.plist;
				LD_RUNPATH_SEARCH_PATHS = "$(inherited) @executable_path/Frameworks";
				PRODUCT_BUNDLE_IDENTIFIER = "Sergey-Trishin.dd-homework-final";
				PRODUCT_NAME = "$(TARGET_NAME)";
				TARGETED_DEVICE_FAMILY = "1,2";
			};
			name = Release;
		};
/* End XCBuildConfiguration section */

/* Begin XCConfigurationList section */
		A5572C561FC8362A00B3E662 /* Build configuration list for PBXProject "dd_homework_final" */ = {
			isa = XCConfigurationList;
			buildConfigurations = (
				A5572C721FC8362B00B3E662 /* Debug */,
				A5572C731FC8362B00B3E662 /* Release */,
			);
			defaultConfigurationIsVisible = 0;
			defaultConfigurationName = Release;
		};
		A5572C741FC8362B00B3E662 /* Build configuration list for PBXNativeTarget "dd_homework_final" */ = {
			isa = XCConfigurationList;
			buildConfigurations = (
				A5572C751FC8362B00B3E662 /* Debug */,
				A5572C761FC8362B00B3E662 /* Release */,
			);
			defaultConfigurationIsVisible = 0;
			defaultConfigurationName = Release;
		};
/* End XCConfigurationList section */
	};
	rootObject = A5572C531FC8362A00B3E662 /* Project object */;
}
